
Microsoft Visual Studio Solution File, Format Version 12.00
# Visual Studio Version 16
VisualStudioVersion = 16.0.30320.27
MinimumVisualStudioVersion = 10.0.40219.1
Project("{FAE04EC0-301F-11D3-BF4B-00C04F79EFBC}") = "CrudDemo2", "CrudDemo2\CrudDemo2.csproj", "{28C0CB59-C48A-4D77-970D-335AEF5A689B}"
EndProject
Global
	GlobalSection(SolutionConfigurationPlatforms) = preSolution
		Debug|Any CPU = Debug|Any CPU
		Release|Any CPU = Release|Any CPU
	EndGlobalSection
	GlobalSection(ProjectConfigurationPlatforms) = postSolution
		{28C0CB59-C48A-4D77-970D-335AEF5A689B}.Debug|Any CPU.ActiveCfg = Debug|Any CPU
		{28C0CB59-C48A-4D77-970D-335AEF5A689B}.Debug|Any CPU.Build.0 = Debug|Any CPU
		{28C0CB59-C48A-4D77-970D-335AEF5A689B}.Release|Any CPU.ActiveCfg = Release|Any CPU
		{28C0CB59-C48A-4D77-970D-335AEF5A689B}.Release|Any CPU.Build.0 = Release|Any CPU
	EndGlobalSection
	GlobalSection(SolutionProperties) = preSolution
		HideSolutionNode = FALSE
	EndGlobalSection
	GlobalSection(ExtensibilityGlobals) = postSolution
		SolutionGuid = {F3A79AFC-C170-432C-B268-776D8ECC346A}
	EndGlobalSection
EndGlobal
